// !$*UTF8*$!
{
	archiveVersion = 1;
	classes = {
	};
	objectVersion = 55;
	objects = {

/* Begin PBXBuildFile section */
		1C6216062872BB49005CDD52 /* AppDelegate.swift in Sources */ = {isa = PBXBuildFile; fileRef = 1C6216052872BB49005CDD52 /* AppDelegate.swift */; };
		1C6216082872BB49005CDD52 /* SceneDelegate.swift in Sources */ = {isa = PBXBuildFile; fileRef = 1C6216072872BB49005CDD52 /* SceneDelegate.swift */; };
		1C62160A2872BB49005CDD52 /* ViewController.swift in Sources */ = {isa = PBXBuildFile; fileRef = 1C6216092872BB49005CDD52 /* ViewController.swift */; };
		1C62160D2872BB49005CDD52 /* Main.storyboard in Resources */ = {isa = PBXBuildFile; fileRef = 1C62160B2872BB49005CDD52 /* Main.storyboard */; };
		1C62160F2872BB4D005CDD52 /* Assets.xcassets in Resources */ = {isa = PBXBuildFile; fileRef = 1C62160E2872BB4D005CDD52 /* Assets.xcassets */; };
		1C6216122872BB4D005CDD52 /* LaunchScreen.storyboard in Resources */ = {isa = PBXBuildFile; fileRef = 1C6216102872BB4D005CDD52 /* LaunchScreen.storyboard */; };
		1C62161D2872BB4D005CDD52 /* CartTests.swift in Sources */ = {isa = PBXBuildFile; fileRef = 1C62161C2872BB4D005CDD52 /* CartTests.swift */; };
		1C6216272872BB4D005CDD52 /* CartUITests.swift in Sources */ = {isa = PBXBuildFile; fileRef = 1C6216262872BB4D005CDD52 /* CartUITests.swift */; };
		1C6216292872BB4D005CDD52 /* CartUITestsLaunchTests.swift in Sources */ = {isa = PBXBuildFile; fileRef = 1C6216282872BB4D005CDD52 /* CartUITestsLaunchTests.swift */; };
/* End PBXBuildFile section */

/* Begin PBXContainerItemProxy section */
		1C6216192872BB4D005CDD52 /* PBXContainerItemProxy */ = {
			isa = PBXContainerItemProxy;
			containerPortal = 1C6215FA2872BB48005CDD52 /* Project object */;
			proxyType = 1;
			remoteGlobalIDString = 1C6216012872BB48005CDD52;
			remoteInfo = Cart;
		};
		1C6216232872BB4D005CDD52 /* PBXContainerItemProxy */ = {
			isa = PBXContainerItemProxy;
			containerPortal = 1C6215FA2872BB48005CDD52 /* Project object */;
			proxyType = 1;
			remoteGlobalIDString = 1C6216012872BB48005CDD52;
			remoteInfo = Cart;
		};
/* End PBXContainerItemProxy section */

/* Begin PBXFileReference section */
		1C6216022872BB49005CDD52 /* Cart.app */ = {isa = PBXFileReference; explicitFileType = wrapper.application; includeInIndex = 0; path = Cart.app; sourceTree = BUILT_PRODUCTS_DIR; };
		1C6216052872BB49005CDD52 /* AppDelegate.swift */ = {isa = PBXFileReference; lastKnownFileType = sourcecode.swift; path = AppDelegate.swift; sourceTree = "<group>"; };
		1C6216072872BB49005CDD52 /* SceneDelegate.swift */ = {isa = PBXFileReference; lastKnownFileType = sourcecode.swift; path = SceneDelegate.swift; sourceTree = "<group>"; };
		1C6216092872BB49005CDD52 /* ViewController.swift */ = {isa = PBXFileReference; lastKnownFileType = sourcecode.swift; path = ViewController.swift; sourceTree = "<group>"; };
		1C62160C2872BB49005CDD52 /* Base */ = {isa = PBXFileReference; lastKnownFileType = file.storyboard; name = Base; path = Base.lproj/Main.storyboard; sourceTree = "<group>"; };
		1C62160E2872BB4D005CDD52 /* Assets.xcassets */ = {isa = PBXFileReference; lastKnownFileType = folder.assetcatalog; path = Assets.xcassets; sourceTree = "<group>"; };
		1C6216112872BB4D005CDD52 /* Base */ = {isa = PBXFileReference; lastKnownFileType = file.storyboard; name = Base; path = Base.lproj/LaunchScreen.storyboard; sourceTree = "<group>"; };
		1C6216132872BB4D005CDD52 /* Info.plist */ = {isa = PBXFileReference; lastKnownFileType = text.plist.xml; path = Info.plist; sourceTree = "<group>"; };
		1C6216182872BB4D005CDD52 /* CartTests.xctest */ = {isa = PBXFileReference; explicitFileType = wrapper.cfbundle; includeInIndex = 0; path = CartTests.xctest; sourceTree = BUILT_PRODUCTS_DIR; };
		1C62161C2872BB4D005CDD52 /* CartTests.swift */ = {isa = PBXFileReference; lastKnownFileType = sourcecode.swift; path = CartTests.swift; sourceTree = "<group>"; };
		1C6216222872BB4D005CDD52 /* CartUITests.xctest */ = {isa = PBXFileReference; explicitFileType = wrapper.cfbundle; includeInIndex = 0; path = CartUITests.xctest; sourceTree = BUILT_PRODUCTS_DIR; };
		1C6216262872BB4D005CDD52 /* CartUITests.swift */ = {isa = PBXFileReference; lastKnownFileType = sourcecode.swift; path = CartUITests.swift; sourceTree = "<group>"; };
		1C6216282872BB4D005CDD52 /* CartUITestsLaunchTests.swift */ = {isa = PBXFileReference; lastKnownFileType = sourcecode.swift; path = CartUITestsLaunchTests.swift; sourceTree = "<group>"; };
/* End PBXFileReference section */

/* Begin PBXFrameworksBuildPhase section */
		1C6215FF2872BB48005CDD52 /* Frameworks */ = {
			isa = PBXFrameworksBuildPhase;
			buildActionMask = 2147483647;
			files = (
			);
			runOnlyForDeploymentPostprocessing = 0;
		};
		1C6216152872BB4D005CDD52 /* Frameworks */ = {
			isa = PBXFrameworksBuildPhase;
			buildActionMask = 2147483647;
			files = (
			);
			runOnlyForDeploymentPostprocessing = 0;
		};
		1C62161F2872BB4D005CDD52 /* Frameworks */ = {
			isa = PBXFrameworksBuildPhase;
			buildActionMask = 2147483647;
			files = (
			);
			runOnlyForDeploymentPostprocessing = 0;
		};
/* End PBXFrameworksBuildPhase section */

/* Begin PBXGroup section */
		1C6215F92872BB48005CDD52 = {
			isa = PBXGroup;
			children = (
				1C6216042872BB49005CDD52 /* Cart */,
				1C62161B2872BB4D005CDD52 /* CartTests */,
				1C6216252872BB4D005CDD52 /* CartUITests */,
				1C6216032872BB49005CDD52 /* Products */,
			);
			sourceTree = "<group>";
		};
		1C6216032872BB49005CDD52 /* Products */ = {
			isa = PBXGroup;
			children = (
				1C6216022872BB49005CDD52 /* Cart.app */,
				1C6216182872BB4D005CDD52 /* CartTests.xctest */,
				1C6216222872BB4D005CDD52 /* CartUITests.xctest */,
			);
			name = Products;
			sourceTree = "<group>";
		};
		1C6216042872BB49005CDD52 /* Cart */ = {
			isa = PBXGroup;
			children = (
				1C6216052872BB49005CDD52 /* AppDelegate.swift */,
				1C6216072872BB49005CDD52 /* SceneDelegate.swift */,
				1C6216092872BB49005CDD52 /* ViewController.swift */,
				1C62160B2872BB49005CDD52 /* Main.storyboard */,
				1C62160E2872BB4D005CDD52 /* Assets.xcassets */,
				1C6216102872BB4D005CDD52 /* LaunchScreen.storyboard */,
				1C6216132872BB4D005CDD52 /* Info.plist */,
			);
			path = Cart;
			sourceTree = "<group>";
		};
		1C62161B2872BB4D005CDD52 /* CartTests */ = {
			isa = PBXGroup;
			children = (
				1C62161C2872BB4D005CDD52 /* CartTests.swift */,
			);
			path = CartTests;
			sourceTree = "<group>";
		};
		1C6216252872BB4D005CDD52 /* CartUITests */ = {
			isa = PBXGroup;
			children = (
				1C6216262872BB4D005CDD52 /* CartUITests.swift */,
				1C6216282872BB4D005CDD52 /* CartUITestsLaunchTests.swift */,
			);
			path = CartUITests;
			sourceTree = "<group>";
		};
/* End PBXGroup section */

/* Begin PBXNativeTarget section */
		1C6216012872BB48005CDD52 /* Cart */ = {
			isa = PBXNativeTarget;
			buildConfigurationList = 1C62162C2872BB4D005CDD52 /* Build configuration list for PBXNativeTarget "Cart" */;
			buildPhases = (
				1C6215FE2872BB48005CDD52 /* Sources */,
				1C6215FF2872BB48005CDD52 /* Frameworks */,
				1C6216002872BB48005CDD52 /* Resources */,
			);
			buildRules = (
			);
			dependencies = (
			);
			name = Cart;
			productName = Cart;
			productReference = 1C6216022872BB49005CDD52 /* Cart.app */;
			productType = "com.apple.product-type.application";
		};
		1C6216172872BB4D005CDD52 /* CartTests */ = {
			isa = PBXNativeTarget;
			buildConfigurationList = 1C62162F2872BB4D005CDD52 /* Build configuration list for PBXNativeTarget "CartTests" */;
			buildPhases = (
				1C6216142872BB4D005CDD52 /* Sources */,
				1C6216152872BB4D005CDD52 /* Frameworks */,
				1C6216162872BB4D005CDD52 /* Resources */,
			);
			buildRules = (
			);
			dependencies = (
				1C62161A2872BB4D005CDD52 /* PBXTargetDependency */,
			);
			name = CartTests;
			productName = CartTests;
			productReference = 1C6216182872BB4D005CDD52 /* CartTests.xctest */;
			productType = "com.apple.product-type.bundle.unit-test";
		};
		1C6216212872BB4D005CDD52 /* CartUITests */ = {
			isa = PBXNativeTarget;
			buildConfigurationList = 1C6216322872BB4D005CDD52 /* Build configuration list for PBXNativeTarget "CartUITests" */;
			buildPhases = (
				1C62161E2872BB4D005CDD52 /* Sources */,
				1C62161F2872BB4D005CDD52 /* Frameworks */,
				1C6216202872BB4D005CDD52 /* Resources */,
			);
			buildRules = (
			);
			dependencies = (
				1C6216242872BB4D005CDD52 /* PBXTargetDependency */,
			);
			name = CartUITests;
			productName = CartUITests;
			productReference = 1C6216222872BB4D005CDD52 /* CartUITests.xctest */;
			productType = "com.apple.product-type.bundle.ui-testing";
		};
/* End PBXNativeTarget section */

/* Begin PBXProject section */
		1C6215FA2872BB48005CDD52 /* Project object */ = {
			isa = PBXProject;
			attributes = {
				BuildIndependentTargetsInParallel = 1;
				LastSwiftUpdateCheck = 1340;
				LastUpgradeCheck = 1340;
				TargetAttributes = {
					1C6216012872BB48005CDD52 = {
						CreatedOnToolsVersion = 13.4.1;
					};
					1C6216172872BB4D005CDD52 = {
						CreatedOnToolsVersion = 13.4.1;
						TestTargetID = 1C6216012872BB48005CDD52;
					};
					1C6216212872BB4D005CDD52 = {
						CreatedOnToolsVersion = 13.4.1;
						TestTargetID = 1C6216012872BB48005CDD52;
					};
				};
			};
			buildConfigurationList = 1C6215FD2872BB48005CDD52 /* Build configuration list for PBXProject "Cart" */;
			compatibilityVersion = "Xcode 13.0";
			developmentRegion = en;
			hasScannedForEncodings = 0;
			knownRegions = (
				en,
				Base,
			);
			mainGroup = 1C6215F92872BB48005CDD52;
			productRefGroup = 1C6216032872BB49005CDD52 /* Products */;
			projectDirPath = "";
			projectRoot = "";
			targets = (
				1C6216012872BB48005CDD52 /* Cart */,
				1C6216172872BB4D005CDD52 /* CartTests */,
				1C6216212872BB4D005CDD52 /* CartUITests */,
			);
		};
/* End PBXProject section */

/* Begin PBXResourcesBuildPhase section */
		1C6216002872BB48005CDD52 /* Resources */ = {
			isa = PBXResourcesBuildPhase;
			buildActionMask = 2147483647;
			files = (
				1C6216122872BB4D005CDD52 /* LaunchScreen.storyboard in Resources */,
				1C62160F2872BB4D005CDD52 /* Assets.xcassets in Resources */,
				1C62160D2872BB49005CDD52 /* Main.storyboard in Resources */,
			);
			runOnlyForDeploymentPostprocessing = 0;
		};
		1C6216162872BB4D005CDD52 /* Resources */ = {
			isa = PBXResourcesBuildPhase;
			buildActionMask = 2147483647;
			files = (
			);
			runOnlyForDeploymentPostprocessing = 0;
		};
		1C6216202872BB4D005CDD52 /* Resources */ = {
			isa = PBXResourcesBuildPhase;
			buildActionMask = 2147483647;
			files = (
			);
			runOnlyForDeploymentPostprocessing = 0;
		};
/* End PBXResourcesBuildPhase section */

/* Begin PBXSourcesBuildPhase section */
		1C6215FE2872BB48005CDD52 /* Sources */ = {
			isa = PBXSourcesBuildPhase;
			buildActionMask = 2147483647;
			files = (
				1C62160A2872BB49005CDD52 /* ViewController.swift in Sources */,
				1C6216062872BB49005CDD52 /* AppDelegate.swift in Sources */,
				1C6216082872BB49005CDD52 /* SceneDelegate.swift in Sources */,
			);
			runOnlyForDeploymentPostprocessing = 0;
		};
		1C6216142872BB4D005CDD52 /* Sources */ = {
			isa = PBXSourcesBuildPhase;
			buildActionMask = 2147483647;
			files = (
				1C62161D2872BB4D005CDD52 /* CartTests.swift in Sources */,
			);
			runOnlyForDeploymentPostprocessing = 0;
		};
		1C62161E2872BB4D005CDD52 /* Sources */ = {
			isa = PBXSourcesBuildPhase;
			buildActionMask = 2147483647;
			files = (
				1C6216292872BB4D005CDD52 /* CartUITestsLaunchTests.swift in Sources */,
				1C6216272872BB4D005CDD52 /* CartUITests.swift in Sources */,
			);
			runOnlyForDeploymentPostprocessing = 0;
		};
/* End PBXSourcesBuildPhase section */

/* Begin PBXTargetDependency section */
		1C62161A2872BB4D005CDD52 /* PBXTargetDependency */ = {
			isa = PBXTargetDependency;
			target = 1C6216012872BB48005CDD52 /* Cart */;
			targetProxy = 1C6216192872BB4D005CDD52 /* PBXContainerItemProxy */;
		};
		1C6216242872BB4D005CDD52 /* PBXTargetDependency */ = {
			isa = PBXTargetDependency;
			target = 1C6216012872BB48005CDD52 /* Cart */;
			targetProxy = 1C6216232872BB4D005CDD52 /* PBXContainerItemProxy */;
		};
/* End PBXTargetDependency section */

/* Begin PBXVariantGroup section */
		1C62160B2872BB49005CDD52 /* Main.storyboard */ = {
			isa = PBXVariantGroup;
			children = (
				1C62160C2872BB49005CDD52 /* Base */,
			);
			name = Main.storyboard;
			sourceTree = "<group>";
		};
		1C6216102872BB4D005CDD52 /* LaunchScreen.storyboard */ = {
			isa = PBXVariantGroup;
			children = (
				1C6216112872BB4D005CDD52 /* Base */,
			);
			name = LaunchScreen.storyboard;
			sourceTree = "<group>";
		};
/* End PBXVariantGroup section */

/* Begin XCBuildConfiguration section */
		1C62162A2872BB4D005CDD52 /* Debug */ = {
			isa = XCBuildConfiguration;
			buildSettings = {
				ALWAYS_SEARCH_USER_PATHS = NO;
				CLANG_ANALYZER_NONNULL = YES;
				CLANG_ANALYZER_NUMBER_OBJECT_CONVERSION = YES_AGGRESSIVE;
				CLANG_CXX_LANGUAGE_STANDARD = "gnu++17";
				CLANG_ENABLE_MODULES = YES;
				CLANG_ENABLE_OBJC_ARC = YES;
				CLANG_ENABLE_OBJC_WEAK = YES;
				CLANG_WARN_BLOCK_CAPTURE_AUTORELEASING = YES;
				CLANG_WARN_BOOL_CONVERSION = YES;
				CLANG_WARN_COMMA = YES;
				CLANG_WARN_CONSTANT_CONVERSION = YES;
				CLANG_WARN_DEPRECATED_OBJC_IMPLEMENTATIONS = YES;
				CLANG_WARN_DIRECT_OBJC_ISA_USAGE = YES_ERROR;
				CLANG_WARN_DOCUMENTATION_COMMENTS = YES;
				CLANG_WARN_EMPTY_BODY = YES;
				CLANG_WARN_ENUM_CONVERSION = YES;
				CLANG_WARN_INFINITE_RECURSION = YES;
				CLANG_WARN_INT_CONVERSION = YES;
				CLANG_WARN_NON_LITERAL_NULL_CONVERSION = YES;
				CLANG_WARN_OBJC_IMPLICIT_RETAIN_SELF = YES;
				CLANG_WARN_OBJC_LITERAL_CONVERSION = YES;
				CLANG_WARN_OBJC_ROOT_CLASS = YES_ERROR;
				CLANG_WARN_QUOTED_INCLUDE_IN_FRAMEWORK_HEADER = YES;
				CLANG_WARN_RANGE_LOOP_ANALYSIS = YES;
				CLANG_WARN_STRICT_PROTOTYPES = YES;
				CLANG_WARN_SUSPICIOUS_MOVE = YES;
				CLANG_WARN_UNGUARDED_AVAILABILITY = YES_AGGRESSIVE;
				CLANG_WARN_UNREACHABLE_CODE = YES;
				CLANG_WARN__DUPLICATE_METHOD_MATCH = YES;
				COPY_PHASE_STRIP = NO;
				DEBUG_INFORMATION_FORMAT = dwarf;
				ENABLE_STRICT_OBJC_MSGSEND = YES;
				ENABLE_TESTABILITY = YES;
				GCC_C_LANGUAGE_STANDARD = gnu11;
				GCC_DYNAMIC_NO_PIC = NO;
				GCC_NO_COMMON_BLOCKS = YES;
				GCC_OPTIMIZATION_LEVEL = 0;
				GCC_PREPROCESSOR_DEFINITIONS = (
					"DEBUG=1",
					"$(inherited)",
				);
				GCC_WARN_64_TO_32_BIT_CONVERSION = YES;
				GCC_WARN_ABOUT_RETURN_TYPE = YES_ERROR;
				GCC_WARN_UNDECLARED_SELECTOR = YES;
				GCC_WARN_UNINITIALIZED_AUTOS = YES_AGGRESSIVE;
				GCC_WARN_UNUSED_FUNCTION = YES;
				GCC_WARN_UNUSED_VARIABLE = YES;
				IPHONEOS_DEPLOYMENT_TARGET = 15.5;
				MTL_ENABLE_DEBUG_INFO = INCLUDE_SOURCE;
				MTL_FAST_MATH = YES;
				ONLY_ACTIVE_ARCH = YES;
				SDKROOT = iphoneos;
				SWIFT_ACTIVE_COMPILATION_CONDITIONS = DEBUG;
				SWIFT_OPTIMIZATION_LEVEL = "-Onone";
			};
			name = Debug;
		};
		1C62162B2872BB4D005CDD52 /* Release */ = {
			isa = XCBuildConfiguration;
			buildSettings = {
				ALWAYS_SEARCH_USER_PATHS = NO;
				CLANG_ANALYZER_NONNULL = YES;
				CLANG_ANALYZER_NUMBER_OBJECT_CONVERSION = YES_AGGRESSIVE;
				CLANG_CXX_LANGUAGE_STANDARD = "gnu++17";
				CLANG_ENABLE_MODULES = YES;
				CLANG_ENABLE_OBJC_ARC = YES;
				CLANG_ENABLE_OBJC_WEAK = YES;
				CLANG_WARN_BLOCK_CAPTURE_AUTORELEASING = YES;
				CLANG_WARN_BOOL_CONVERSION = YES;
				CLANG_WARN_COMMA = YES;
				CLANG_WARN_CONSTANT_CONVERSION = YES;
				CLANG_WARN_DEPRECATED_OBJC_IMPLEMENTATIONS = YES;
				CLANG_WARN_DIRECT_OBJC_ISA_USAGE = YES_ERROR;
				CLANG_WARN_DOCUMENTATION_COMMENTS = YES;
				CLANG_WARN_EMPTY_BODY = YES;
				CLANG_WARN_ENUM_CONVERSION = YES;
				CLANG_WARN_INFINITE_RECURSION = YES;
				CLANG_WARN_INT_CONVERSION = YES;
				CLANG_WARN_NON_LITERAL_NULL_CONVERSION = YES;
				CLANG_WARN_OBJC_IMPLICIT_RETAIN_SELF = YES;
				CLANG_WARN_OBJC_LITERAL_CONVERSION = YES;
				CLANG_WARN_OBJC_ROOT_CLASS = YES_ERROR;
				CLANG_WARN_QUOTED_INCLUDE_IN_FRAMEWORK_HEADER = YES;
				CLANG_WARN_RANGE_LOOP_ANALYSIS = YES;
				CLANG_WARN_STRICT_PROTOTYPES = YES;
				CLANG_WARN_SUSPICIOUS_MOVE = YES;
				CLANG_WARN_UNGUARDED_AVAILABILITY = YES_AGGRESSIVE;
				CLANG_WARN_UNREACHABLE_CODE = YES;
				CLANG_WARN__DUPLICATE_METHOD_MATCH = YES;
				COPY_PHASE_STRIP = NO;
				DEBUG_INFORMATION_FORMAT = "dwarf-with-dsym";
				ENABLE_NS_ASSERTIONS = NO;
				ENABLE_STRICT_OBJC_MSGSEND = YES;
				GCC_C_LANGUAGE_STANDARD = gnu11;
				GCC_NO_COMMON_BLOCKS = YES;
				GCC_WARN_64_TO_32_BIT_CONVERSION = YES;
				GCC_WARN_ABOUT_RETURN_TYPE = YES_ERROR;
				GCC_WARN_UNDECLARED_SELECTOR = YES;
				GCC_WARN_UNINITIALIZED_AUTOS = YES_AGGRESSIVE;
				GCC_WARN_UNUSED_FUNCTION = YES;
				GCC_WARN_UNUSED_VARIABLE = YES;
				IPHONEOS_DEPLOYMENT_TARGET = 15.5;
				MTL_ENABLE_DEBUG_INFO = NO;
				MTL_FAST_MATH = YES;
				SDKROOT = iphoneos;
				SWIFT_COMPILATION_MODE = wholemodule;
				SWIFT_OPTIMIZATION_LEVEL = "-O";
				VALIDATE_PRODUCT = YES;
			};
			name = Release;
		};
		1C62162D2872BB4D005CDD52 /* Debug */ = {
			isa = XCBuildConfiguration;
			buildSettings = {
				ASSETCATALOG_COMPILER_APPICON_NAME = AppIcon;
				ASSETCATALOG_COMPILER_GLOBAL_ACCENT_COLOR_NAME = AccentColor;
				CODE_SIGN_STYLE = Automatic;
				CURRENT_PROJECT_VERSION = 1;
				DEVELOPMENT_TEAM = SC6YRHRH34;
				GENERATE_INFOPLIST_FILE = YES;
				INFOPLIST_FILE = Cart/Info.plist;
				INFOPLIST_KEY_UIApplicationSupportsIndirectInputEvents = YES;
				INFOPLIST_KEY_UILaunchStoryboardName = LaunchScreen;
				INFOPLIST_KEY_UIMainStoryboardFile = Main;
				INFOPLIST_KEY_UISupportedInterfaceOrientations_iPad = "UIInterfaceOrientationPortrait UIInterfaceOrientationPortraitUpsideDown UIInterfaceOrientationLandscapeLeft UIInterfaceOrientationLandscapeRight";
				INFOPLIST_KEY_UISupportedInterfaceOrientations_iPhone = "UIInterfaceOrientationPortrait UIInterfaceOrientationLandscapeLeft UIInterfaceOrientationLandscapeRight";
				LD_RUNPATH_SEARCH_PATHS = (
					"$(inherited)",
					"@executable_path/Frameworks",
				);
				MARKETING_VERSION = 1.0;
				PRODUCT_BUNDLE_IDENTIFIER = com.victornb.Cart;
				PRODUCT_NAME = "$(TARGET_NAME)";
				SWIFT_EMIT_LOC_STRINGS = YES;
				SWIFT_VERSION = 5.0;
				TARGETED_DEVICE_FAMILY = "1,2";
			};
			name = Debug;
		};
		1C62162E2872BB4D005CDD52 /* Release */ = {
			isa = XCBuildConfiguration;
			buildSettings = {
				ASSETCATALOG_COMPILER_APPICON_NAME = AppIcon;
				ASSETCATALOG_COMPILER_GLOBAL_ACCENT_COLOR_NAME = AccentColor;
				CODE_SIGN_STYLE = Automatic;
				CURRENT_PROJECT_VERSION = 1;
				DEVELOPMENT_TEAM = SC6YRHRH34;
				GENERATE_INFOPLIST_FILE = YES;
				INFOPLIST_FILE = Cart/Info.plist;
				INFOPLIST_KEY_UIApplicationSupportsIndirectInputEvents = YES;
				INFOPLIST_KEY_UILaunchStoryboardName = LaunchScreen;
				INFOPLIST_KEY_UIMainStoryboardFile = Main;
				INFOPLIST_KEY_UISupportedInterfaceOrientations_iPad = "UIInterfaceOrientationPortrait UIInterfaceOrientationPortraitUpsideDown UIInterfaceOrientationLandscapeLeft UIInterfaceOrientationLandscapeRight";
				INFOPLIST_KEY_UISupportedInterfaceOrientations_iPhone = "UIInterfaceOrientationPortrait UIInterfaceOrientationLandscapeLeft UIInterfaceOrientationLandscapeRight";
				LD_RUNPATH_SEARCH_PATHS = (
					"$(inherited)",
					"@executable_path/Frameworks",
				);
				MARKETING_VERSION = 1.0;
				PRODUCT_BUNDLE_IDENTIFIER = com.victornb.Cart;
				PRODUCT_NAME = "$(TARGET_NAME)";
				SWIFT_EMIT_LOC_STRINGS = YES;
				SWIFT_VERSION = 5.0;
				TARGETED_DEVICE_FAMILY = "1,2";
			};
			name = Release;
		};
		1C6216302872BB4D005CDD52 /* Debug */ = {
			isa = XCBuildConfiguration;
			buildSettings = {
				ALWAYS_EMBED_SWIFT_STANDARD_LIBRARIES = YES;
				BUNDLE_LOADER = "$(TEST_HOST)";
				CODE_SIGN_STYLE = Automatic;
				CURRENT_PROJECT_VERSION = 1;
				DEVELOPMENT_TEAM = SC6YRHRH34;
				GENERATE_INFOPLIST_FILE = YES;
				IPHONEOS_DEPLOYMENT_TARGET = 15.5;
				MARKETING_VERSION = 1.0;
				PRODUCT_BUNDLE_IDENTIFIER = com.victornb.CartTests;
				PRODUCT_NAME = "$(TARGET_NAME)";
				SWIFT_EMIT_LOC_STRINGS = NO;
				SWIFT_VERSION = 5.0;
				TARGETED_DEVICE_FAMILY = "1,2";
				TEST_HOST = "$(BUILT_PRODUCTS_DIR)/Cart.app/Cart";
			};
			name = Debug;
		};
		1C6216312872BB4D005CDD52 /* Release */ = {
			isa = XCBuildConfiguration;
			buildSettings = {
				ALWAYS_EMBED_SWIFT_STANDARD_LIBRARIES = YES;
				BUNDLE_LOADER = "$(TEST_HOST)";
				CODE_SIGN_STYLE = Automatic;
				CURRENT_PROJECT_VERSION = 1;
				DEVELOPMENT_TEAM = SC6YRHRH34;
				GENERATE_INFOPLIST_FILE = YES;
				IPHONEOS_DEPLOYMENT_TARGET = 15.5;
				MARKETING_VERSION = 1.0;
				PRODUCT_BUNDLE_IDENTIFIER = com.victornb.CartTests;
				PRODUCT_NAME = "$(TARGET_NAME)";
				SWIFT_EMIT_LOC_STRINGS = NO;
				SWIFT_VERSION = 5.0;
				TARGETED_DEVICE_FAMILY = "1,2";
				TEST_HOST = "$(BUILT_PRODUCTS_DIR)/Cart.app/Cart";
			};
			name = Release;
		};
		1C6216332872BB4D005CDD52 /* Debug */ = {
			isa = XCBuildConfiguration;
			buildSettings = {
				ALWAYS_EMBED_SWIFT_STANDARD_LIBRARIES = YES;
				CODE_SIGN_STYLE = Automatic;
				CURRENT_PROJECT_VERSION = 1;
				DEVELOPMENT_TEAM = SC6YRHRH34;
				GENERATE_INFOPLIST_FILE = YES;
				MARKETING_VERSION = 1.0;
				PRODUCT_BUNDLE_IDENTIFIER = com.victornb.CartUITests;
				PRODUCT_NAME = "$(TARGET_NAME)";
				SWIFT_EMIT_LOC_STRINGS = NO;
				SWIFT_VERSION = 5.0;
				TARGETED_DEVICE_FAMILY = "1,2";
				TEST_TARGET_NAME = Cart;
			};
			name = Debug;
		};
		1C6216342872BB4D005CDD52 /* Release */ = {
			isa = XCBuildConfiguration;
			buildSettings = {
				ALWAYS_EMBED_SWIFT_STANDARD_LIBRARIES = YES;
				CODE_SIGN_STYLE = Automatic;
				CURRENT_PROJECT_VERSION = 1;
				DEVELOPMENT_TEAM = SC6YRHRH34;
				GENERATE_INFOPLIST_FILE = YES;
				MARKETING_VERSION = 1.0;
				PRODUCT_BUNDLE_IDENTIFIER = com.victornb.CartUITests;
				PRODUCT_NAME = "$(TARGET_NAME)";
				SWIFT_EMIT_LOC_STRINGS = NO;
				SWIFT_VERSION = 5.0;
				TARGETED_DEVICE_FAMILY = "1,2";
				TEST_TARGET_NAME = Cart;
			};
			name = Release;
		};
/* End XCBuildConfiguration section */

/* Begin XCConfigurationList section */
		1C6215FD2872BB48005CDD52 /* Build configuration list for PBXProject "Cart" */ = {
			isa = XCConfigurationList;
			buildConfigurations = (
				1C62162A2872BB4D005CDD52 /* Debug */,
				1C62162B2872BB4D005CDD52 /* Release */,
			);
			defaultConfigurationIsVisible = 0;
			defaultConfigurationName = Release;
		};
		1C62162C2872BB4D005CDD52 /* Build configuration list for PBXNativeTarget "Cart" */ = {
			isa = XCConfigurationList;
			buildConfigurations = (
				1C62162D2872BB4D005CDD52 /* Debug */,
				1C62162E2872BB4D005CDD52 /* Release */,
			);
			defaultConfigurationIsVisible = 0;
			defaultConfigurationName = Release;
		};
		1C62162F2872BB4D005CDD52 /* Build configuration list for PBXNativeTarget "CartTests" */ = {
			isa = XCConfigurationList;
			buildConfigurations = (
				1C6216302872BB4D005CDD52 /* Debug */,
				1C6216312872BB4D005CDD52 /* Release */,
			);
			defaultConfigurationIsVisible = 0;
			defaultConfigurationName = Release;
		};
		1C6216322872BB4D005CDD52 /* Build configuration list for PBXNativeTarget "CartUITests" */ = {
			isa = XCConfigurationList;
			buildConfigurations = (
				1C6216332872BB4D005CDD52 /* Debug */,
				1C6216342872BB4D005CDD52 /* Release */,
			);
			defaultConfigurationIsVisible = 0;
			defaultConfigurationName = Release;
		};
/* End XCConfigurationList section */
	};
	rootObject = 1C6215FA2872BB48005CDD52 /* Project object */;
}
